// !$*UTF8*$!
{
	archiveVersion = 1;
	classes = {
	};
	objectVersion = 50;
	objects = {

/* Begin PBXBuildFile section */
		196EB01F20D259290058E926 /* AppDelegate.swift in Sources */ = {isa = PBXBuildFile; fileRef = 196EB01E20D259290058E926 /* AppDelegate.swift */; };
		196EB02420D259290058E926 /* Main.storyboard in Resources */ = {isa = PBXBuildFile; fileRef = 196EB02220D259290058E926 /* Main.storyboard */; };
		196EB02620D2592C0058E926 /* Assets.xcassets in Resources */ = {isa = PBXBuildFile; fileRef = 196EB02520D2592C0058E926 /* Assets.xcassets */; };
		196EB02920D2592C0058E926 /* LaunchScreen.storyboard in Resources */ = {isa = PBXBuildFile; fileRef = 196EB02720D2592C0058E926 /* LaunchScreen.storyboard */; };
		196EB03620D26C5D0058E926 /* RAMainViewController.swift in Sources */ = {isa = PBXBuildFile; fileRef = 196EB03520D26C5D0058E926 /* RAMainViewController.swift */; };
		196EB03820D26CAE0058E926 /* RAPlayModeSelectViewController.swift in Sources */ = {isa = PBXBuildFile; fileRef = 196EB03720D26CAE0058E926 /* RAPlayModeSelectViewController.swift */; };
		196EB03A20D26D190058E926 /* RAPlayZoomPuzzleViewController.swift in Sources */ = {isa = PBXBuildFile; fileRef = 196EB03920D26D190058E926 /* RAPlayZoomPuzzleViewController.swift */; };
		196EB03D20D273620058E926 /* RADefines.swift in Sources */ = {isa = PBXBuildFile; fileRef = 196EB03C20D273620058E926 /* RADefines.swift */; };
		196EB03F20D277330058E926 /* RAPlayZoomPuzzleCell.swift in Sources */ = {isa = PBXBuildFile; fileRef = 196EB03E20D277330058E926 /* RAPlayZoomPuzzleCell.swift */; };
		196EB04120D2779C0058E926 /* RAPlayZoomPuzzleCellModel.swift in Sources */ = {isa = PBXBuildFile; fileRef = 196EB04020D2779C0058E926 /* RAPlayZoomPuzzleCellModel.swift */; };
		196EB04320D383320058E926 /* RARandomFactory.swift in Sources */ = {isa = PBXBuildFile; fileRef = 196EB04220D383320058E926 /* RARandomFactory.swift */; };
		196EB04520D3916B0058E926 /* RARuleManager.swift in Sources */ = {isa = PBXBuildFile; fileRef = 196EB04420D3916B0058E926 /* RARuleManager.swift */; };
		7370039E63808BEAAFADFAF0 /* Pods_JXRomanticAlbum.framework in Frameworks */ = {isa = PBXBuildFile; fileRef = B3C12A29A08E6A3268E6099A /* Pods_JXRomanticAlbum.framework */; };
/* End PBXBuildFile section */

/* Begin PBXFileReference section */
		196EB01B20D259290058E926 /* JXRomanticAlbum.app */ = {isa = PBXFileReference; explicitFileType = wrapper.application; includeInIndex = 0; path = JXRomanticAlbum.app; sourceTree = BUILT_PRODUCTS_DIR; };
		196EB01E20D259290058E926 /* AppDelegate.swift */ = {isa = PBXFileReference; lastKnownFileType = sourcecode.swift; path = AppDelegate.swift; sourceTree = "<group>"; };
		196EB02320D259290058E926 /* Base */ = {isa = PBXFileReference; lastKnownFileType = file.storyboard; name = Base; path = Base.lproj/Main.storyboard; sourceTree = "<group>"; };
		196EB02520D2592C0058E926 /* Assets.xcassets */ = {isa = PBXFileReference; lastKnownFileType = folder.assetcatalog; path = Assets.xcassets; sourceTree = "<group>"; };
		196EB02820D2592C0058E926 /* Base */ = {isa = PBXFileReference; lastKnownFileType = file.storyboard; name = Base; path = Base.lproj/LaunchScreen.storyboard; sourceTree = "<group>"; };
		196EB02A20D2592C0058E926 /* Info.plist */ = {isa = PBXFileReference; lastKnownFileType = text.plist.xml; path = Info.plist; sourceTree = "<group>"; };
		196EB03520D26C5D0058E926 /* RAMainViewController.swift */ = {isa = PBXFileReference; lastKnownFileType = sourcecode.swift; path = RAMainViewController.swift; sourceTree = "<group>"; };
		196EB03720D26CAE0058E926 /* RAPlayModeSelectViewController.swift */ = {isa = PBXFileReference; lastKnownFileType = sourcecode.swift; path = RAPlayModeSelectViewController.swift; sourceTree = "<group>"; };
		196EB03920D26D190058E926 /* RAPlayZoomPuzzleViewController.swift */ = {isa = PBXFileReference; lastKnownFileType = sourcecode.swift; path = RAPlayZoomPuzzleViewController.swift; sourceTree = "<group>"; };
		196EB03C20D273620058E926 /* RADefines.swift */ = {isa = PBXFileReference; lastKnownFileType = sourcecode.swift; path = RADefines.swift; sourceTree = "<group>"; };
		196EB03E20D277330058E926 /* RAPlayZoomPuzzleCell.swift */ = {isa = PBXFileReference; lastKnownFileType = sourcecode.swift; path = RAPlayZoomPuzzleCell.swift; sourceTree = "<group>"; };
		196EB04020D2779C0058E926 /* RAPlayZoomPuzzleCellModel.swift */ = {isa = PBXFileReference; lastKnownFileType = sourcecode.swift; path = RAPlayZoomPuzzleCellModel.swift; sourceTree = "<group>"; };
		196EB04220D383320058E926 /* RARandomFactory.swift */ = {isa = PBXFileReference; lastKnownFileType = sourcecode.swift; path = RARandomFactory.swift; sourceTree = "<group>"; };
		196EB04420D3916B0058E926 /* RARuleManager.swift */ = {isa = PBXFileReference; lastKnownFileType = sourcecode.swift; path = RARuleManager.swift; sourceTree = "<group>"; };
		46A97EB8C8CD66D8F4FD1700 /* Pods-JXRomanticAlbum.release.xcconfig */ = {isa = PBXFileReference; includeInIndex = 1; lastKnownFileType = text.xcconfig; name = "Pods-JXRomanticAlbum.release.xcconfig"; path = "Pods/Target Support Files/Pods-JXRomanticAlbum/Pods-JXRomanticAlbum.release.xcconfig"; sourceTree = "<group>"; };
		B3C12A29A08E6A3268E6099A /* Pods_JXRomanticAlbum.framework */ = {isa = PBXFileReference; explicitFileType = wrapper.framework; includeInIndex = 0; path = Pods_JXRomanticAlbum.framework; sourceTree = BUILT_PRODUCTS_DIR; };
		FA9BD226039D34CA824AAEBE /* Pods-JXRomanticAlbum.debug.xcconfig */ = {isa = PBXFileReference; includeInIndex = 1; lastKnownFileType = text.xcconfig; name = "Pods-JXRomanticAlbum.debug.xcconfig"; path = "Pods/Target Support Files/Pods-JXRomanticAlbum/Pods-JXRomanticAlbum.debug.xcconfig"; sourceTree = "<group>"; };
/* End PBXFileReference section */

/* Begin PBXFrameworksBuildPhase section */
		196EB01820D259290058E926 /* Frameworks */ = {
			isa = PBXFrameworksBuildPhase;
			buildActionMask = 2147483647;
			files = (
				7370039E63808BEAAFADFAF0 /* Pods_JXRomanticAlbum.framework in Frameworks */,
			);
			runOnlyForDeploymentPostprocessing = 0;
		};
/* End PBXFrameworksBuildPhase section */

/* Begin PBXGroup section */
		196EB01220D259290058E926 = {
			isa = PBXGroup;
			children = (
				196EB01D20D259290058E926 /* JXRomanticAlbum */,
				196EB01C20D259290058E926 /* Products */,
				A9F3A79212FCD0B01BCBB520 /* Pods */,
				F898DB7D56483BB9A63DB9F1 /* Frameworks */,
			);
			sourceTree = "<group>";
		};
		196EB01C20D259290058E926 /* Products */ = {
			isa = PBXGroup;
			children = (
				196EB01B20D259290058E926 /* JXRomanticAlbum.app */,
			);
			name = Products;
			sourceTree = "<group>";
		};
		196EB01D20D259290058E926 /* JXRomanticAlbum */ = {
			isa = PBXGroup;
			children = (
				196EB03B20D273520058E926 /* Common */,
				196EB03220D25AB70058E926 /* Models */,
				196EB03120D25AB10058E926 /* Views */,
				196EB03020D25AA30058E926 /* Controllers */,
				196EB01E20D259290058E926 /* AppDelegate.swift */,
				196EB02220D259290058E926 /* Main.storyboard */,
				196EB02520D2592C0058E926 /* Assets.xcassets */,
				196EB02720D2592C0058E926 /* LaunchScreen.storyboard */,
				196EB02A20D2592C0058E926 /* Info.plist */,
			);
			path = JXRomanticAlbum;
			sourceTree = "<group>";
		};
		196EB03020D25AA30058E926 /* Controllers */ = {
			isa = PBXGroup;
			children = (
				196EB03520D26C5D0058E926 /* RAMainViewController.swift */,
				196EB03720D26CAE0058E926 /* RAPlayModeSelectViewController.swift */,
				196EB03920D26D190058E926 /* RAPlayZoomPuzzleViewController.swift */,
			);
			path = Controllers;
			sourceTree = "<group>";
		};
		196EB03120D25AB10058E926 /* Views */ = {
			isa = PBXGroup;
			children = (
				196EB03E20D277330058E926 /* RAPlayZoomPuzzleCell.swift */,
			);
			path = Views;
			sourceTree = "<group>";
		};
		196EB03220D25AB70058E926 /* Models */ = {
			isa = PBXGroup;
			children = (
				196EB04020D2779C0058E926 /* RAPlayZoomPuzzleCellModel.swift */,
			);
			path = Models;
			sourceTree = "<group>";
		};
		196EB03B20D273520058E926 /* Common */ = {
			isa = PBXGroup;
			children = (
				196EB03C20D273620058E926 /* RADefines.swift */,
				196EB04220D383320058E926 /* RARandomFactory.swift */,
				196EB04420D3916B0058E926 /* RARuleManager.swift */,
			);
			path = Common;
			sourceTree = "<group>";
		};
		A9F3A79212FCD0B01BCBB520 /* Pods */ = {
			isa = PBXGroup;
			children = (
				FA9BD226039D34CA824AAEBE /* Pods-JXRomanticAlbum.debug.xcconfig */,
				46A97EB8C8CD66D8F4FD1700 /* Pods-JXRomanticAlbum.release.xcconfig */,
			);
			name = Pods;
			sourceTree = "<group>";
		};
		F898DB7D56483BB9A63DB9F1 /* Frameworks */ = {
			isa = PBXGroup;
			children = (
				B3C12A29A08E6A3268E6099A /* Pods_JXRomanticAlbum.framework */,
			);
			name = Frameworks;
			sourceTree = "<group>";
		};
/* End PBXGroup section */

/* Begin PBXNativeTarget section */
		196EB01A20D259290058E926 /* JXRomanticAlbum */ = {
			isa = PBXNativeTarget;
			buildConfigurationList = 196EB02D20D2592C0058E926 /* Build configuration list for PBXNativeTarget "JXRomanticAlbum" */;
			buildPhases = (
				715949172EEA6D399E56E376 /* [CP] Check Pods Manifest.lock */,
				196EB01720D259290058E926 /* Sources */,
				196EB01820D259290058E926 /* Frameworks */,
				196EB01920D259290058E926 /* Resources */,
				232A3A564C3A509E054C6401 /* [CP] Embed Pods Frameworks */,
				79EFBF9071A7A40F12C7419E /* [CP] Copy Pods Resources */,
			);
			buildRules = (
			);
			dependencies = (
			);
			name = JXRomanticAlbum;
			productName = JXRomanticAlbum;
			productReference = 196EB01B20D259290058E926 /* JXRomanticAlbum.app */;
			productType = "com.apple.product-type.application";
		};
/* End PBXNativeTarget section */

/* Begin PBXProject section */
		196EB01320D259290058E926 /* Project object */ = {
			isa = PBXProject;
			attributes = {
				CLASSPREFIX = RA;
				LastSwiftUpdateCheck = 0940;
				LastUpgradeCheck = 0940;
				ORGANIZATIONNAME = jiaxin;
				TargetAttributes = {
					196EB01A20D259290058E926 = {
						CreatedOnToolsVersion = 9.4;
					};
				};
			};
			buildConfigurationList = 196EB01620D259290058E926 /* Build configuration list for PBXProject "JXRomanticAlbum" */;
			compatibilityVersion = "Xcode 9.3";
			developmentRegion = en;
			hasScannedForEncodings = 0;
			knownRegions = (
				en,
				Base,
			);
			mainGroup = 196EB01220D259290058E926;
			productRefGroup = 196EB01C20D259290058E926 /* Products */;
			projectDirPath = "";
			projectRoot = "";
			targets = (
				196EB01A20D259290058E926 /* JXRomanticAlbum */,
			);
		};
/* End PBXProject section */

/* Begin PBXResourcesBuildPhase section */
		196EB01920D259290058E926 /* Resources */ = {
			isa = PBXResourcesBuildPhase;
			buildActionMask = 2147483647;
			files = (
				196EB02920D2592C0058E926 /* LaunchScreen.storyboard in Resources */,
				196EB02620D2592C0058E926 /* Assets.xcassets in Resources */,
				196EB02420D259290058E926 /* Main.storyboard in Resources */,
			);
			runOnlyForDeploymentPostprocessing = 0;
		};
/* End PBXResourcesBuildPhase section */

/* Begin PBXShellScriptBuildPhase section */
		232A3A564C3A509E054C6401 /* [CP] Embed Pods Frameworks */ = {
			isa = PBXShellScriptBuildPhase;
			buildActionMask = 2147483647;
			files = (
			);
			inputPaths = (
				"${SRCROOT}/Pods/Target Support Files/Pods-JXRomanticAlbum/Pods-JXRomanticAlbum-frameworks.sh",
				"${BUILT_PRODUCTS_DIR}/lottie-ios/Lottie.framework",
			);
			name = "[CP] Embed Pods Frameworks";
			outputPaths = (
				"${TARGET_BUILD_DIR}/${FRAMEWORKS_FOLDER_PATH}/Lottie.framework",
			);
			runOnlyForDeploymentPostprocessing = 0;
			shellPath = /bin/sh;
			shellScript = "\"${SRCROOT}/Pods/Target Support Files/Pods-JXRomanticAlbum/Pods-JXRomanticAlbum-frameworks.sh\"\n";
			showEnvVarsInLog = 0;
		};
		715949172EEA6D399E56E376 /* [CP] Check Pods Manifest.lock */ = {
			isa = PBXShellScriptBuildPhase;
			buildActionMask = 2147483647;
			files = (
			);
			inputPaths = (
				"${PODS_PODFILE_DIR_PATH}/Podfile.lock",
				"${PODS_ROOT}/Manifest.lock",
			);
			name = "[CP] Check Pods Manifest.lock";
			outputPaths = (
				"$(DERIVED_FILE_DIR)/Pods-JXRomanticAlbum-checkManifestLockResult.txt",
			);
			runOnlyForDeploymentPostprocessing = 0;
			shellPath = /bin/sh;
			shellScript = "diff \"${PODS_PODFILE_DIR_PATH}/Podfile.lock\" \"${PODS_ROOT}/Manifest.lock\" > /dev/null\nif [ $? != 0 ] ; then\n    # print error to STDERR\n    echo \"error: The sandbox is not in sync with the Podfile.lock. Run 'pod install' or update your CocoaPods installation.\" >&2\n    exit 1\nfi\n# This output is used by Xcode 'outputs' to avoid re-running this script phase.\necho \"SUCCESS\" > \"${SCRIPT_OUTPUT_FILE_0}\"\n";
			showEnvVarsInLog = 0;
		};
		79EFBF9071A7A40F12C7419E /* [CP] Copy Pods Resources */ = {
			isa = PBXShellScriptBuildPhase;
			buildActionMask = 2147483647;
			files = (
			);
			inputPaths = (
			);
			name = "[CP] Copy Pods Resources";
			outputPaths = (
			);
			runOnlyForDeploymentPostprocessing = 0;
			shellPath = /bin/sh;
			shellScript = "\"${SRCROOT}/Pods/Target Support Files/Pods-JXRomanticAlbum/Pods-JXRomanticAlbum-resources.sh\"\n";
			showEnvVarsInLog = 0;
		};
/* End PBXShellScriptBuildPhase section */

/* Begin PBXSourcesBuildPhase section */
		196EB01720D259290058E926 /* Sources */ = {
			isa = PBXSourcesBuildPhase;
			buildActionMask = 2147483647;
			files = (
				196EB03820D26CAE0058E926 /* RAPlayModeSelectViewController.swift in Sources */,
				196EB03A20D26D190058E926 /* RAPlayZoomPuzzleViewController.swift in Sources */,
				196EB01F20D259290058E926 /* AppDelegate.swift in Sources */,
				196EB03620D26C5D0058E926 /* RAMainViewController.swift in Sources */,
				196EB04320D383320058E926 /* RARandomFactory.swift in Sources */,
				196EB04120D2779C0058E926 /* RAPlayZoomPuzzleCellModel.swift in Sources */,
				196EB04520D3916B0058E926 /* RARuleManager.swift in Sources */,
				196EB03D20D273620058E926 /* RADefines.swift in Sources */,
				196EB03F20D277330058E926 /* RAPlayZoomPuzzleCell.swift in Sources */,
			);
			runOnlyForDeploymentPostprocessing = 0;
		};
/* End PBXSourcesBuildPhase section */

/* Begin PBXVariantGroup section */
		196EB02220D259290058E926 /* Main.storyboard */ = {
			isa = PBXVariantGroup;
			children = (
				196EB02320D259290058E926 /* Base */,
			);
			name = Main.storyboard;
			sourceTree = "<group>";
		};
		196EB02720D2592C0058E926 /* LaunchScreen.storyboard */ = {
			isa = PBXVariantGroup;
			children = (
				196EB02820D2592C0058E926 /* Base */,
			);
			name = LaunchScreen.storyboard;
			sourceTree = "<group>";
		};
/* End PBXVariantGroup section */

/* Begin XCBuildConfiguration section */
		196EB02B20D2592C0058E926 /* Debug */ = {
			isa = XCBuildConfiguration;
			buildSettings = {
				ALWAYS_SEARCH_USER_PATHS = NO;
				CLANG_ANALYZER_NONNULL = YES;
				CLANG_ANALYZER_NUMBER_OBJECT_CONVERSION = YES_AGGRESSIVE;
				CLANG_CXX_LANGUAGE_STANDARD = "gnu++14";
				CLANG_CXX_LIBRARY = "libc++";
				CLANG_ENABLE_MODULES = YES;
				CLANG_ENABLE_OBJC_ARC = YES;
				CLANG_ENABLE_OBJC_WEAK = YES;
				CLANG_WARN_BLOCK_CAPTURE_AUTORELEASING = YES;
				CLANG_WARN_BOOL_CONVERSION = YES;
				CLANG_WARN_COMMA = YES;
				CLANG_WARN_CONSTANT_CONVERSION = YES;
				CLANG_WARN_DEPRECATED_OBJC_IMPLEMENTATIONS = YES;
				CLANG_WARN_DIRECT_OBJC_ISA_USAGE = YES_ERROR;
				CLANG_WARN_DOCUMENTATION_COMMENTS = YES;
				CLANG_WARN_EMPTY_BODY = YES;
				CLANG_WARN_ENUM_CONVERSION = YES;
				CLANG_WARN_INFINITE_RECURSION = YES;
				CLANG_WARN_INT_CONVERSION = YES;
				CLANG_WARN_NON_LITERAL_NULL_CONVERSION = YES;
				CLANG_WARN_OBJC_IMPLICIT_RETAIN_SELF = YES;
				CLANG_WARN_OBJC_LITERAL_CONVERSION = YES;
				CLANG_WARN_OBJC_ROOT_CLASS = YES_ERROR;
				CLANG_WARN_RANGE_LOOP_ANALYSIS = YES;
				CLANG_WARN_STRICT_PROTOTYPES = YES;
				CLANG_WARN_SUSPICIOUS_MOVE = YES;
				CLANG_WARN_UNGUARDED_AVAILABILITY = YES_AGGRESSIVE;
				CLANG_WARN_UNREACHABLE_CODE = YES;
				CLANG_WARN__DUPLICATE_METHOD_MATCH = YES;
				CODE_SIGN_IDENTITY = "iPhone Developer";
				COPY_PHASE_STRIP = NO;
				DEBUG_INFORMATION_FORMAT = dwarf;
				ENABLE_STRICT_OBJC_MSGSEND = YES;
				ENABLE_TESTABILITY = YES;
				GCC_C_LANGUAGE_STANDARD = gnu11;
				GCC_DYNAMIC_NO_PIC = NO;
				GCC_NO_COMMON_BLOCKS = YES;
				GCC_OPTIMIZATION_LEVEL = 0;
				GCC_PREPROCESSOR_DEFINITIONS = (
					"DEBUG=1",
					"$(inherited)",
				);
				GCC_WARN_64_TO_32_BIT_CONVERSION = YES;
				GCC_WARN_ABOUT_RETURN_TYPE = YES_ERROR;
				GCC_WARN_UNDECLARED_SELECTOR = YES;
				GCC_WARN_UNINITIALIZED_AUTOS = YES_AGGRESSIVE;
				GCC_WARN_UNUSED_FUNCTION = YES;
				GCC_WARN_UNUSED_VARIABLE = YES;
				IPHONEOS_DEPLOYMENT_TARGET = 11.4;
				MTL_ENABLE_DEBUG_INFO = YES;
				ONLY_ACTIVE_ARCH = YES;
				SDKROOT = iphoneos;
				SWIFT_ACTIVE_COMPILATION_CONDITIONS = DEBUG;
				SWIFT_OPTIMIZATION_LEVEL = "-Onone";
			};
			name = Debug;
		};
		196EB02C20D2592C0058E926 /* Release */ = {
			isa = XCBuildConfiguration;
			buildSettings = {
				ALWAYS_SEARCH_USER_PATHS = NO;
				CLANG_ANALYZER_NONNULL = YES;
				CLANG_ANALYZER_NUMBER_OBJECT_CONVERSION = YES_AGGRESSIVE;
				CLANG_CXX_LANGUAGE_STANDARD = "gnu++14";
				CLANG_CXX_LIBRARY = "libc++";
				CLANG_ENABLE_MODULES = YES;
				CLANG_ENABLE_OBJC_ARC = YES;
				CLANG_ENABLE_OBJC_WEAK = YES;
				CLANG_WARN_BLOCK_CAPTURE_AUTORELEASING = YES;
				CLANG_WARN_BOOL_CONVERSION = YES;
				CLANG_WARN_COMMA = YES;
				CLANG_WARN_CONSTANT_CONVERSION = YES;
				CLANG_WARN_DEPRECATED_OBJC_IMPLEMENTATIONS = YES;
				CLANG_WARN_DIRECT_OBJC_ISA_USAGE = YES_ERROR;
				CLANG_WARN_DOCUMENTATION_COMMENTS = YES;
				CLANG_WARN_EMPTY_BODY = YES;
				CLANG_WARN_ENUM_CONVERSION = YES;
				CLANG_WARN_INFINITE_RECURSION = YES;
				CLANG_WARN_INT_CONVERSION = YES;
				CLANG_WARN_NON_LITERAL_NULL_CONVERSION = YES;
				CLANG_WARN_OBJC_IMPLICIT_RETAIN_SELF = YES;
				CLANG_WARN_OBJC_LITERAL_CONVERSION = YES;
				CLANG_WARN_OBJC_ROOT_CLASS = YES_ERROR;
				CLANG_WARN_RANGE_LOOP_ANALYSIS = YES;
				CLANG_WARN_STRICT_PROTOTYPES = YES;
				CLANG_WARN_SUSPICIOUS_MOVE = YES;
				CLANG_WARN_UNGUARDED_AVAILABILITY = YES_AGGRESSIVE;
				CLANG_WARN_UNREACHABLE_CODE = YES;
				CLANG_WARN__DUPLICATE_METHOD_MATCH = YES;
				CODE_SIGN_IDENTITY = "iPhone Developer";
				COPY_PHASE_STRIP = NO;
				DEBUG_INFORMATION_FORMAT = "dwarf-with-dsym";
				ENABLE_NS_ASSERTIONS = NO;
				ENABLE_STRICT_OBJC_MSGSEND = YES;
				GCC_C_LANGUAGE_STANDARD = gnu11;
				GCC_NO_COMMON_BLOCKS = YES;
				GCC_WARN_64_TO_32_BIT_CONVERSION = YES;
				GCC_WARN_ABOUT_RETURN_TYPE = YES_ERROR;
				GCC_WARN_UNDECLARED_SELECTOR = YES;
				GCC_WARN_UNINITIALIZED_AUTOS = YES_AGGRESSIVE;
				GCC_WARN_UNUSED_FUNCTION = YES;
				GCC_WARN_UNUSED_VARIABLE = YES;
				IPHONEOS_DEPLOYMENT_TARGET = 11.4;
				MTL_ENABLE_DEBUG_INFO = NO;
				SDKROOT = iphoneos;
				SWIFT_COMPILATION_MODE = wholemodule;
				SWIFT_OPTIMIZATION_LEVEL = "-O";
				VALIDATE_PRODUCT = YES;
			};
			name = Release;
		};
		196EB02E20D2592C0058E926 /* Debug */ = {
			isa = XCBuildConfiguration;
			baseConfigurationReference = FA9BD226039D34CA824AAEBE /* Pods-JXRomanticAlbum.debug.xcconfig */;
			buildSettings = {
				ASSETCATALOG_COMPILER_APPICON_NAME = AppIcon;
				CODE_SIGN_STYLE = Automatic;
				DEVELOPMENT_TEAM = CUHY5967Q2;
				INFOPLIST_FILE = JXRomanticAlbum/Info.plist;
				IPHONEOS_DEPLOYMENT_TARGET = 9.0;
				LD_RUNPATH_SEARCH_PATHS = "$(inherited) @executable_path/Frameworks";
				PRODUCT_BUNDLE_IDENTIFIER = jiaxin.JXRomanticAlbum;
				PRODUCT_NAME = "$(TARGET_NAME)";
				SWIFT_VERSION = 4.0;
				TARGETED_DEVICE_FAMILY = "1,2";
			};
			name = Debug;
		};
		196EB02F20D2592C0058E926 /* Release */ = {
			isa = XCBuildConfiguration;
			baseConfigurationReference = 46A97EB8C8CD66D8F4FD1700 /* Pods-JXRomanticAlbum.release.xcconfig */;
			buildSettings = {
				ASSETCATALOG_COMPILER_APPICON_NAME = AppIcon;
				CODE_SIGN_STYLE = Automatic;
				DEVELOPMENT_TEAM = CUHY5967Q2;
				INFOPLIST_FILE = JXRomanticAlbum/Info.plist;
				IPHONEOS_DEPLOYMENT_TARGET = 9.0;
				LD_RUNPATH_SEARCH_PATHS = "$(inherited) @executable_path/Frameworks";
				PRODUCT_BUNDLE_IDENTIFIER = jiaxin.JXRomanticAlbum;
				PRODUCT_NAME = "$(TARGET_NAME)";
				SWIFT_VERSION = 4.0;
				TARGETED_DEVICE_FAMILY = "1,2";
			};
			name = Release;
		};
/* End XCBuildConfiguration section */

/* Begin XCConfigurationList section */
		196EB01620D259290058E926 /* Build configuration list for PBXProject "JXRomanticAlbum" */ = {
			isa = XCConfigurationList;
			buildConfigurations = (
				196EB02B20D2592C0058E926 /* Debug */,
				196EB02C20D2592C0058E926 /* Release */,
			);
			defaultConfigurationIsVisible = 0;
			defaultConfigurationName = Release;
		};
		196EB02D20D2592C0058E926 /* Build configuration list for PBXNativeTarget "JXRomanticAlbum" */ = {
			isa = XCConfigurationList;
			buildConfigurations = (
				196EB02E20D2592C0058E926 /* Debug */,
				196EB02F20D2592C0058E926 /* Release */,
			);
			defaultConfigurationIsVisible = 0;
			defaultConfigurationName = Release;
		};
/* End XCConfigurationList section */
	};
	rootObject = 196EB01320D259290058E926 /* Project object */;
}
