// !$*UTF8*$!
{
	archiveVersion = 1;
	classes = {
	};
	objectVersion = 50;
	objects = {

/* Begin PBXBuildFile section */
		191B37BC20DCDA23005BA959 /* RAPlayRoomFilterViewController.swift in Sources */ = {isa = PBXBuildFile; fileRef = 191B37BB20DCDA23005BA959 /* RAPlayRoomFilterViewController.swift */; };
		191B37BF20DD014A005BA959 /* RABaseTableViewController.swift in Sources */ = {isa = PBXBuildFile; fileRef = 191B37BE20DD014A005BA959 /* RABaseTableViewController.swift */; };
		191B37C120DD04DF005BA959 /* RAPlayGuessModeSelectViewController.swift in Sources */ = {isa = PBXBuildFile; fileRef = 191B37C020DD04DF005BA959 /* RAPlayGuessModeSelectViewController.swift */; };
		191B37C720DD068B005BA959 /* RAPlayPhotoWallViewController.swift in Sources */ = {isa = PBXBuildFile; fileRef = 191B37C620DD068B005BA959 /* RAPlayPhotoWallViewController.swift */; };
		196EB01F20D259290058E926 /* AppDelegate.swift in Sources */ = {isa = PBXBuildFile; fileRef = 196EB01E20D259290058E926 /* AppDelegate.swift */; };
		196EB02420D259290058E926 /* Main.storyboard in Resources */ = {isa = PBXBuildFile; fileRef = 196EB02220D259290058E926 /* Main.storyboard */; };
		196EB02620D2592C0058E926 /* Assets.xcassets in Resources */ = {isa = PBXBuildFile; fileRef = 196EB02520D2592C0058E926 /* Assets.xcassets */; };
		196EB02920D2592C0058E926 /* LaunchScreen.storyboard in Resources */ = {isa = PBXBuildFile; fileRef = 196EB02720D2592C0058E926 /* LaunchScreen.storyboard */; };
		196EB03820D26CAE0058E926 /* RAPlayModeSelectViewController.swift in Sources */ = {isa = PBXBuildFile; fileRef = 196EB03720D26CAE0058E926 /* RAPlayModeSelectViewController.swift */; };
		196EB03A20D26D190058E926 /* RAPlayRoomPuzzleViewController.swift in Sources */ = {isa = PBXBuildFile; fileRef = 196EB03920D26D190058E926 /* RAPlayRoomPuzzleViewController.swift */; };
		196EB03D20D273620058E926 /* RADefines.swift in Sources */ = {isa = PBXBuildFile; fileRef = 196EB03C20D273620058E926 /* RADefines.swift */; };
		196EB03F20D277330058E926 /* RAPlayRoomPuzzleCell.swift in Sources */ = {isa = PBXBuildFile; fileRef = 196EB03E20D277330058E926 /* RAPlayRoomPuzzleCell.swift */; };
		196EB04120D2779C0058E926 /* RAPlayRoomPuzzleCellModel.swift in Sources */ = {isa = PBXBuildFile; fileRef = 196EB04020D2779C0058E926 /* RAPlayRoomPuzzleCellModel.swift */; };
		196EB04320D383320058E926 /* RARandomFactory.swift in Sources */ = {isa = PBXBuildFile; fileRef = 196EB04220D383320058E926 /* RARandomFactory.swift */; };
		196EB04520D3916B0058E926 /* RARuleManager.swift in Sources */ = {isa = PBXBuildFile; fileRef = 196EB04420D3916B0058E926 /* RARuleManager.swift */; };
		196EB05020D3B93C0058E926 /* love_explosion.json in Resources */ = {isa = PBXBuildFile; fileRef = 196EB04D20D3B93B0058E926 /* love_explosion.json */; };
		196EB05220D3B93C0058E926 /* heart_box.json in Resources */ = {isa = PBXBuildFile; fileRef = 196EB04F20D3B93B0058E926 /* heart_box.json */; };
		196EB05420D3B9450058E926 /* newAnimation.json in Resources */ = {isa = PBXBuildFile; fileRef = 196EB05320D3B9450058E926 /* newAnimation.json */; };
		196EB05620D3BAA10058E926 /* completed.json in Resources */ = {isa = PBXBuildFile; fileRef = 196EB05520D3BAA10058E926 /* completed.json */; };
		196EB05920D3C7B20058E926 /* RACompletedView.swift in Sources */ = {isa = PBXBuildFile; fileRef = 196EB05820D3C7B20058E926 /* RACompletedView.swift */; };
		196EB05B20D483170058E926 /* RAPlaySizeSelectViewController.swift in Sources */ = {isa = PBXBuildFile; fileRef = 196EB05A20D483170058E926 /* RAPlaySizeSelectViewController.swift */; };
		196EB05D20D484E60058E926 /* RABaseViewController.swift in Sources */ = {isa = PBXBuildFile; fileRef = 196EB05C20D484E60058E926 /* RABaseViewController.swift */; };
		19AB17CA20D8D30900BF01DC /* RAPhotoManager.swift in Sources */ = {isa = PBXBuildFile; fileRef = 19AB17C920D8D30900BF01DC /* RAPhotoManager.swift */; };
		19AB17CC20D8DD0200BF01DC /* RAPlayRoomReverseViewController.swift in Sources */ = {isa = PBXBuildFile; fileRef = 19AB17CB20D8DD0200BF01DC /* RAPlayRoomReverseViewController.swift */; };
		19AB17CE20D8DDB900BF01DC /* RAPlayRoomReverseCellModel.swift in Sources */ = {isa = PBXBuildFile; fileRef = 19AB17CD20D8DDB900BF01DC /* RAPlayRoomReverseCellModel.swift */; };
		19AB17D020D8DE2700BF01DC /* RAPlayRoomReverseCell.swift in Sources */ = {isa = PBXBuildFile; fileRef = 19AB17CF20D8DE2700BF01DC /* RAPlayRoomReverseCell.swift */; };
		19AB17D220D8EFA100BF01DC /* UIImage+Crop.swift in Sources */ = {isa = PBXBuildFile; fileRef = 19AB17D120D8EFA100BF01DC /* UIImage+Crop.swift */; };
		19AB17D420D8FA5800BF01DC /* RALocationViewController.swift in Sources */ = {isa = PBXBuildFile; fileRef = 19AB17D320D8FA5800BF01DC /* RALocationViewController.swift */; };
		19AB17D620D9007700BF01DC /* MapKit.framework in Frameworks */ = {isa = PBXBuildFile; fileRef = 19AB17D520D9007700BF01DC /* MapKit.framework */; };
		19AB17D820D90F2000BF01DC /* RADatePickerView.swift in Sources */ = {isa = PBXBuildFile; fileRef = 19AB17D720D90F2000BF01DC /* RADatePickerView.swift */; };
		19AB17DA20D90F2700BF01DC /* RADatePickerView.xib in Resources */ = {isa = PBXBuildFile; fileRef = 19AB17D920D90F2700BF01DC /* RADatePickerView.xib */; };
		19E3D98B20DCC62B007EA3A3 /* RAPlayRoomVideoStickerViewController.swift in Sources */ = {isa = PBXBuildFile; fileRef = 19E3D98A20DCC62B007EA3A3 /* RAPlayRoomVideoStickerViewController.swift */; };
		19F7C5D420E223F40003F044 /* RAPlayRoomScratchViewController.swift in Sources */ = {isa = PBXBuildFile; fileRef = 19F7C5D320E223F40003F044 /* RAPlayRoomScratchViewController.swift */; };
		19F7C5D620E23BD10003F044 /* ScratchMask.swift in Sources */ = {isa = PBXBuildFile; fileRef = 19F7C5D520E23BD10003F044 /* ScratchMask.swift */; };
		19F7C5D820E23D0C0003F044 /* UIImage+Utils.swift in Sources */ = {isa = PBXBuildFile; fileRef = 19F7C5D720E23D0B0003F044 /* UIImage+Utils.swift */; };
		7370039E63808BEAAFADFAF0 /* Pods_JXRomanticAlbum.framework in Frameworks */ = {isa = PBXBuildFile; fileRef = B3C12A29A08E6A3268E6099A /* Pods_JXRomanticAlbum.framework */; };
/* End PBXBuildFile section */

/* Begin PBXFileReference section */
		191B37BB20DCDA23005BA959 /* RAPlayRoomFilterViewController.swift */ = {isa = PBXFileReference; lastKnownFileType = sourcecode.swift; path = RAPlayRoomFilterViewController.swift; sourceTree = "<group>"; };
		191B37BE20DD014A005BA959 /* RABaseTableViewController.swift */ = {isa = PBXFileReference; lastKnownFileType = sourcecode.swift; path = RABaseTableViewController.swift; sourceTree = "<group>"; };
		191B37C020DD04DF005BA959 /* RAPlayGuessModeSelectViewController.swift */ = {isa = PBXFileReference; lastKnownFileType = sourcecode.swift; path = RAPlayGuessModeSelectViewController.swift; sourceTree = "<group>"; };
		191B37C620DD068B005BA959 /* RAPlayPhotoWallViewController.swift */ = {isa = PBXFileReference; lastKnownFileType = sourcecode.swift; path = RAPlayPhotoWallViewController.swift; sourceTree = "<group>"; };
		196EB01B20D259290058E926 /* JXRomanticAlbum.app */ = {isa = PBXFileReference; explicitFileType = wrapper.application; includeInIndex = 0; path = JXRomanticAlbum.app; sourceTree = BUILT_PRODUCTS_DIR; };
		196EB01E20D259290058E926 /* AppDelegate.swift */ = {isa = PBXFileReference; lastKnownFileType = sourcecode.swift; path = AppDelegate.swift; sourceTree = "<group>"; };
		196EB02320D259290058E926 /* Base */ = {isa = PBXFileReference; lastKnownFileType = file.storyboard; name = Base; path = Base.lproj/Main.storyboard; sourceTree = "<group>"; };
		196EB02520D2592C0058E926 /* Assets.xcassets */ = {isa = PBXFileReference; lastKnownFileType = folder.assetcatalog; path = Assets.xcassets; sourceTree = "<group>"; };
		196EB02820D2592C0058E926 /* Base */ = {isa = PBXFileReference; lastKnownFileType = file.storyboard; name = Base; path = Base.lproj/LaunchScreen.storyboard; sourceTree = "<group>"; };
		196EB02A20D2592C0058E926 /* Info.plist */ = {isa = PBXFileReference; lastKnownFileType = text.plist.xml; path = Info.plist; sourceTree = "<group>"; };
		196EB03720D26CAE0058E926 /* RAPlayModeSelectViewController.swift */ = {isa = PBXFileReference; lastKnownFileType = sourcecode.swift; path = RAPlayModeSelectViewController.swift; sourceTree = "<group>"; };
		196EB03920D26D190058E926 /* RAPlayRoomPuzzleViewController.swift */ = {isa = PBXFileReference; lastKnownFileType = sourcecode.swift; path = RAPlayRoomPuzzleViewController.swift; sourceTree = "<group>"; };
		196EB03C20D273620058E926 /* RADefines.swift */ = {isa = PBXFileReference; lastKnownFileType = sourcecode.swift; path = RADefines.swift; sourceTree = "<group>"; };
		196EB03E20D277330058E926 /* RAPlayRoomPuzzleCell.swift */ = {isa = PBXFileReference; lastKnownFileType = sourcecode.swift; path = RAPlayRoomPuzzleCell.swift; sourceTree = "<group>"; };
		196EB04020D2779C0058E926 /* RAPlayRoomPuzzleCellModel.swift */ = {isa = PBXFileReference; lastKnownFileType = sourcecode.swift; path = RAPlayRoomPuzzleCellModel.swift; sourceTree = "<group>"; };
		196EB04220D383320058E926 /* RARandomFactory.swift */ = {isa = PBXFileReference; lastKnownFileType = sourcecode.swift; path = RARandomFactory.swift; sourceTree = "<group>"; };
		196EB04420D3916B0058E926 /* RARuleManager.swift */ = {isa = PBXFileReference; lastKnownFileType = sourcecode.swift; path = RARuleManager.swift; sourceTree = "<group>"; };
		196EB04D20D3B93B0058E926 /* love_explosion.json */ = {isa = PBXFileReference; fileEncoding = 4; lastKnownFileType = text.json; path = love_explosion.json; sourceTree = "<group>"; };
		196EB04F20D3B93B0058E926 /* heart_box.json */ = {isa = PBXFileReference; fileEncoding = 4; lastKnownFileType = text.json; path = heart_box.json; sourceTree = "<group>"; };
		196EB05320D3B9450058E926 /* newAnimation.json */ = {isa = PBXFileReference; fileEncoding = 4; lastKnownFileType = text.json; path = newAnimation.json; sourceTree = "<group>"; };
		196EB05520D3BAA10058E926 /* completed.json */ = {isa = PBXFileReference; fileEncoding = 4; lastKnownFileType = text.json; path = completed.json; sourceTree = "<group>"; };
		196EB05820D3C7B20058E926 /* RACompletedView.swift */ = {isa = PBXFileReference; lastKnownFileType = sourcecode.swift; path = RACompletedView.swift; sourceTree = "<group>"; };
		196EB05A20D483170058E926 /* RAPlaySizeSelectViewController.swift */ = {isa = PBXFileReference; lastKnownFileType = sourcecode.swift; path = RAPlaySizeSelectViewController.swift; sourceTree = "<group>"; };
		196EB05C20D484E60058E926 /* RABaseViewController.swift */ = {isa = PBXFileReference; lastKnownFileType = sourcecode.swift; path = RABaseViewController.swift; sourceTree = "<group>"; };
		19AB17C920D8D30900BF01DC /* RAPhotoManager.swift */ = {isa = PBXFileReference; lastKnownFileType = sourcecode.swift; path = RAPhotoManager.swift; sourceTree = "<group>"; };
		19AB17CB20D8DD0200BF01DC /* RAPlayRoomReverseViewController.swift */ = {isa = PBXFileReference; lastKnownFileType = sourcecode.swift; path = RAPlayRoomReverseViewController.swift; sourceTree = "<group>"; };
		19AB17CD20D8DDB900BF01DC /* RAPlayRoomReverseCellModel.swift */ = {isa = PBXFileReference; lastKnownFileType = sourcecode.swift; path = RAPlayRoomReverseCellModel.swift; sourceTree = "<group>"; };
		19AB17CF20D8DE2700BF01DC /* RAPlayRoomReverseCell.swift */ = {isa = PBXFileReference; lastKnownFileType = sourcecode.swift; path = RAPlayRoomReverseCell.swift; sourceTree = "<group>"; };
		19AB17D120D8EFA100BF01DC /* UIImage+Crop.swift */ = {isa = PBXFileReference; lastKnownFileType = sourcecode.swift; path = "UIImage+Crop.swift"; sourceTree = "<group>"; };
		19AB17D320D8FA5800BF01DC /* RALocationViewController.swift */ = {isa = PBXFileReference; lastKnownFileType = sourcecode.swift; path = RALocationViewController.swift; sourceTree = "<group>"; };
		19AB17D520D9007700BF01DC /* MapKit.framework */ = {isa = PBXFileReference; lastKnownFileType = wrapper.framework; name = MapKit.framework; path = System/Library/Frameworks/MapKit.framework; sourceTree = SDKROOT; };
		19AB17D720D90F2000BF01DC /* RADatePickerView.swift */ = {isa = PBXFileReference; lastKnownFileType = sourcecode.swift; path = RADatePickerView.swift; sourceTree = "<group>"; };
		19AB17D920D90F2700BF01DC /* RADatePickerView.xib */ = {isa = PBXFileReference; lastKnownFileType = file.xib; path = RADatePickerView.xib; sourceTree = "<group>"; };
		19E3D98A20DCC62B007EA3A3 /* RAPlayRoomVideoStickerViewController.swift */ = {isa = PBXFileReference; lastKnownFileType = sourcecode.swift; path = RAPlayRoomVideoStickerViewController.swift; sourceTree = "<group>"; };
		19F7C5D320E223F40003F044 /* RAPlayRoomScratchViewController.swift */ = {isa = PBXFileReference; lastKnownFileType = sourcecode.swift; path = RAPlayRoomScratchViewController.swift; sourceTree = "<group>"; };
		19F7C5D520E23BD10003F044 /* ScratchMask.swift */ = {isa = PBXFileReference; lastKnownFileType = sourcecode.swift; path = ScratchMask.swift; sourceTree = "<group>"; };
		19F7C5D720E23D0B0003F044 /* UIImage+Utils.swift */ = {isa = PBXFileReference; fileEncoding = 4; lastKnownFileType = sourcecode.swift; path = "UIImage+Utils.swift"; sourceTree = "<group>"; };
		46A97EB8C8CD66D8F4FD1700 /* Pods-JXRomanticAlbum.release.xcconfig */ = {isa = PBXFileReference; includeInIndex = 1; lastKnownFileType = text.xcconfig; name = "Pods-JXRomanticAlbum.release.xcconfig"; path = "Pods/Target Support Files/Pods-JXRomanticAlbum/Pods-JXRomanticAlbum.release.xcconfig"; sourceTree = "<group>"; };
		B3C12A29A08E6A3268E6099A /* Pods_JXRomanticAlbum.framework */ = {isa = PBXFileReference; explicitFileType = wrapper.framework; includeInIndex = 0; path = Pods_JXRomanticAlbum.framework; sourceTree = BUILT_PRODUCTS_DIR; };
		FA9BD226039D34CA824AAEBE /* Pods-JXRomanticAlbum.debug.xcconfig */ = {isa = PBXFileReference; includeInIndex = 1; lastKnownFileType = text.xcconfig; name = "Pods-JXRomanticAlbum.debug.xcconfig"; path = "Pods/Target Support Files/Pods-JXRomanticAlbum/Pods-JXRomanticAlbum.debug.xcconfig"; sourceTree = "<group>"; };
/* End PBXFileReference section */

/* Begin PBXFrameworksBuildPhase section */
		196EB01820D259290058E926 /* Frameworks */ = {
			isa = PBXFrameworksBuildPhase;
			buildActionMask = 2147483647;
			files = (
				19AB17D620D9007700BF01DC /* MapKit.framework in Frameworks */,
				7370039E63808BEAAFADFAF0 /* Pods_JXRomanticAlbum.framework in Frameworks */,
			);
			runOnlyForDeploymentPostprocessing = 0;
		};
/* End PBXFrameworksBuildPhase section */

/* Begin PBXGroup section */
		191B37C220DD05E4005BA959 /* Puzzle */ = {
			isa = PBXGroup;
			children = (
				196EB03920D26D190058E926 /* RAPlayRoomPuzzleViewController.swift */,
				196EB05A20D483170058E926 /* RAPlaySizeSelectViewController.swift */,
			);
			path = Puzzle;
			sourceTree = "<group>";
		};
		191B37C320DD05FC005BA959 /* Guess */ = {
			isa = PBXGroup;
			children = (
				191B37C020DD04DF005BA959 /* RAPlayGuessModeSelectViewController.swift */,
				19AB17CB20D8DD0200BF01DC /* RAPlayRoomReverseViewController.swift */,
				19AB17D320D8FA5800BF01DC /* RALocationViewController.swift */,
				191B37BB20DCDA23005BA959 /* RAPlayRoomFilterViewController.swift */,
				19F7C5D320E223F40003F044 /* RAPlayRoomScratchViewController.swift */,
				19F7C5D520E23BD10003F044 /* ScratchMask.swift */,
				19F7C5D720E23D0B0003F044 /* UIImage+Utils.swift */,
			);
			path = Guess;
			sourceTree = "<group>";
		};
		191B37C420DD0615005BA959 /* PhotoWall */ = {
			isa = PBXGroup;
			children = (
				191B37C620DD068B005BA959 /* RAPlayPhotoWallViewController.swift */,
			);
			path = PhotoWall;
			sourceTree = "<group>";
		};
		191B37C520DD0629005BA959 /* Sticker */ = {
			isa = PBXGroup;
			children = (
				19E3D98A20DCC62B007EA3A3 /* RAPlayRoomVideoStickerViewController.swift */,
			);
			path = Sticker;
			sourceTree = "<group>";
		};
		196EB01220D259290058E926 = {
			isa = PBXGroup;
			children = (
				196EB01D20D259290058E926 /* JXRomanticAlbum */,
				196EB01C20D259290058E926 /* Products */,
				A9F3A79212FCD0B01BCBB520 /* Pods */,
				F898DB7D56483BB9A63DB9F1 /* Frameworks */,
			);
			sourceTree = "<group>";
		};
		196EB01C20D259290058E926 /* Products */ = {
			isa = PBXGroup;
			children = (
				196EB01B20D259290058E926 /* JXRomanticAlbum.app */,
			);
			name = Products;
			sourceTree = "<group>";
		};
		196EB01D20D259290058E926 /* JXRomanticAlbum */ = {
			isa = PBXGroup;
			children = (
				196EB04620D3B7680058E926 /* Main */,
				196EB03B20D273520058E926 /* Common */,
				196EB03220D25AB70058E926 /* Models */,
				196EB03120D25AB10058E926 /* Views */,
				196EB03020D25AA30058E926 /* Controllers */,
				196EB04820D3B77E0058E926 /* Assets */,
				196EB04920D3B7AC0058E926 /* SupportFiles */,
			);
			path = JXRomanticAlbum;
			sourceTree = "<group>";
		};
		196EB03020D25AA30058E926 /* Controllers */ = {
			isa = PBXGroup;
			children = (
				196EB05C20D484E60058E926 /* RABaseViewController.swift */,
				191B37BE20DD014A005BA959 /* RABaseTableViewController.swift */,
				196EB03720D26CAE0058E926 /* RAPlayModeSelectViewController.swift */,
				191B37C520DD0629005BA959 /* Sticker */,
				191B37C420DD0615005BA959 /* PhotoWall */,
				191B37C320DD05FC005BA959 /* Guess */,
				191B37C220DD05E4005BA959 /* Puzzle */,
			);
			path = Controllers;
			sourceTree = "<group>";
		};
		196EB03120D25AB10058E926 /* Views */ = {
			isa = PBXGroup;
			children = (
				196EB05720D3C7910058E926 /* Puzzle */,
				196EB05820D3C7B20058E926 /* RACompletedView.swift */,
				19AB17D720D90F2000BF01DC /* RADatePickerView.swift */,
				19AB17D920D90F2700BF01DC /* RADatePickerView.xib */,
			);
			path = Views;
			sourceTree = "<group>";
		};
		196EB03220D25AB70058E926 /* Models */ = {
			isa = PBXGroup;
			children = (
				196EB04020D2779C0058E926 /* RAPlayRoomPuzzleCellModel.swift */,
				19AB17CD20D8DDB900BF01DC /* RAPlayRoomReverseCellModel.swift */,
			);
			path = Models;
			sourceTree = "<group>";
		};
		196EB03B20D273520058E926 /* Common */ = {
			isa = PBXGroup;
			children = (
				196EB03C20D273620058E926 /* RADefines.swift */,
				196EB04220D383320058E926 /* RARandomFactory.swift */,
				196EB04420D3916B0058E926 /* RARuleManager.swift */,
				19AB17C920D8D30900BF01DC /* RAPhotoManager.swift */,
				19AB17D120D8EFA100BF01DC /* UIImage+Crop.swift */,
			);
			path = Common;
			sourceTree = "<group>";
		};
		196EB04620D3B7680058E926 /* Main */ = {
			isa = PBXGroup;
			children = (
				196EB01E20D259290058E926 /* AppDelegate.swift */,
				196EB02220D259290058E926 /* Main.storyboard */,
				196EB02720D2592C0058E926 /* LaunchScreen.storyboard */,
			);
			path = Main;
			sourceTree = "<group>";
		};
		196EB04820D3B77E0058E926 /* Assets */ = {
			isa = PBXGroup;
			children = (
				196EB04A20D3B87C0058E926 /* Lottie */,
				196EB02520D2592C0058E926 /* Assets.xcassets */,
			);
			path = Assets;
			sourceTree = "<group>";
		};
		196EB04920D3B7AC0058E926 /* SupportFiles */ = {
			isa = PBXGroup;
			children = (
				196EB02A20D2592C0058E926 /* Info.plist */,
			);
			path = SupportFiles;
			sourceTree = "<group>";
		};
		196EB04A20D3B87C0058E926 /* Lottie */ = {
			isa = PBXGroup;
			children = (
				196EB05520D3BAA10058E926 /* completed.json */,
				196EB05320D3B9450058E926 /* newAnimation.json */,
				196EB04F20D3B93B0058E926 /* heart_box.json */,
				196EB04D20D3B93B0058E926 /* love_explosion.json */,
			);
			path = Lottie;
			sourceTree = "<group>";
		};
		196EB05720D3C7910058E926 /* Puzzle */ = {
			isa = PBXGroup;
			children = (
				196EB03E20D277330058E926 /* RAPlayRoomPuzzleCell.swift */,
				19AB17CF20D8DE2700BF01DC /* RAPlayRoomReverseCell.swift */,
			);
			path = Puzzle;
			sourceTree = "<group>";
		};
		A9F3A79212FCD0B01BCBB520 /* Pods */ = {
			isa = PBXGroup;
			children = (
				FA9BD226039D34CA824AAEBE /* Pods-JXRomanticAlbum.debug.xcconfig */,
				46A97EB8C8CD66D8F4FD1700 /* Pods-JXRomanticAlbum.release.xcconfig */,
			);
			name = Pods;
			sourceTree = "<group>";
		};
		F898DB7D56483BB9A63DB9F1 /* Frameworks */ = {
			isa = PBXGroup;
			children = (
				19AB17D520D9007700BF01DC /* MapKit.framework */,
				B3C12A29A08E6A3268E6099A /* Pods_JXRomanticAlbum.framework */,
			);
			name = Frameworks;
			sourceTree = "<group>";
		};
/* End PBXGroup section */

/* Begin PBXNativeTarget section */
		196EB01A20D259290058E926 /* JXRomanticAlbum */ = {
			isa = PBXNativeTarget;
			buildConfigurationList = 196EB02D20D2592C0058E926 /* Build configuration list for PBXNativeTarget "JXRomanticAlbum" */;
			buildPhases = (
				715949172EEA6D399E56E376 /* [CP] Check Pods Manifest.lock */,
				196EB01720D259290058E926 /* Sources */,
				196EB01820D259290058E926 /* Frameworks */,
				196EB01920D259290058E926 /* Resources */,
				232A3A564C3A509E054C6401 /* [CP] Embed Pods Frameworks */,
				79EFBF9071A7A40F12C7419E /* [CP] Copy Pods Resources */,
			);
			buildRules = (
			);
			dependencies = (
			);
			name = JXRomanticAlbum;
			productName = JXRomanticAlbum;
			productReference = 196EB01B20D259290058E926 /* JXRomanticAlbum.app */;
			productType = "com.apple.product-type.application";
		};
/* End PBXNativeTarget section */

/* Begin PBXProject section */
		196EB01320D259290058E926 /* Project object */ = {
			isa = PBXProject;
			attributes = {
				CLASSPREFIX = RA;
				LastSwiftUpdateCheck = 0940;
				LastUpgradeCheck = 0940;
				ORGANIZATIONNAME = jiaxin;
				TargetAttributes = {
					196EB01A20D259290058E926 = {
						CreatedOnToolsVersion = 9.4;
						SystemCapabilities = {
							com.apple.Maps.iOS = {
								enabled = 1;
							};
						};
					};
				};
			};
			buildConfigurationList = 196EB01620D259290058E926 /* Build configuration list for PBXProject "JXRomanticAlbum" */;
			compatibilityVersion = "Xcode 9.3";
			developmentRegion = en;
			hasScannedForEncodings = 0;
			knownRegions = (
				en,
				Base,
			);
			mainGroup = 196EB01220D259290058E926;
			productRefGroup = 196EB01C20D259290058E926 /* Products */;
			projectDirPath = "";
			projectRoot = "";
			targets = (
				196EB01A20D259290058E926 /* JXRomanticAlbum */,
			);
		};
/* End PBXProject section */

/* Begin PBXResourcesBuildPhase section */
		196EB01920D259290058E926 /* Resources */ = {
			isa = PBXResourcesBuildPhase;
			buildActionMask = 2147483647;
			files = (
				196EB05220D3B93C0058E926 /* heart_box.json in Resources */,
				196EB02920D2592C0058E926 /* LaunchScreen.storyboard in Resources */,
				196EB05420D3B9450058E926 /* newAnimation.json in Resources */,
				196EB02620D2592C0058E926 /* Assets.xcassets in Resources */,
				196EB05620D3BAA10058E926 /* completed.json in Resources */,
				196EB02420D259290058E926 /* Main.storyboard in Resources */,
				196EB05020D3B93C0058E926 /* love_explosion.json in Resources */,
				19AB17DA20D90F2700BF01DC /* RADatePickerView.xib in Resources */,
			);
			runOnlyForDeploymentPostprocessing = 0;
		};
/* End PBXResourcesBuildPhase section */

/* Begin PBXShellScriptBuildPhase section */
		232A3A564C3A509E054C6401 /* [CP] Embed Pods Frameworks */ = {
			isa = PBXShellScriptBuildPhase;
			buildActionMask = 2147483647;
			files = (
			);
			inputPaths = (
				"${SRCROOT}/Pods/Target Support Files/Pods-JXRomanticAlbum/Pods-JXRomanticAlbum-frameworks.sh",
				"${BUILT_PRODUCTS_DIR}/GPUImage/GPUImage.framework",
				"${BUILT_PRODUCTS_DIR}/QuickLayout/QuickLayout.framework",
				"${BUILT_PRODUCTS_DIR}/SnapKit/SnapKit.framework",
				"${BUILT_PRODUCTS_DIR}/SwiftEntryKit/SwiftEntryKit.framework",
				"${BUILT_PRODUCTS_DIR}/lottie-ios/Lottie.framework",
			);
			name = "[CP] Embed Pods Frameworks";
			outputPaths = (
				"${TARGET_BUILD_DIR}/${FRAMEWORKS_FOLDER_PATH}/GPUImage.framework",
				"${TARGET_BUILD_DIR}/${FRAMEWORKS_FOLDER_PATH}/QuickLayout.framework",
				"${TARGET_BUILD_DIR}/${FRAMEWORKS_FOLDER_PATH}/SnapKit.framework",
				"${TARGET_BUILD_DIR}/${FRAMEWORKS_FOLDER_PATH}/SwiftEntryKit.framework",
				"${TARGET_BUILD_DIR}/${FRAMEWORKS_FOLDER_PATH}/Lottie.framework",
			);
			runOnlyForDeploymentPostprocessing = 0;
			shellPath = /bin/sh;
			shellScript = "\"${SRCROOT}/Pods/Target Support Files/Pods-JXRomanticAlbum/Pods-JXRomanticAlbum-frameworks.sh\"\n";
			showEnvVarsInLog = 0;
		};
		715949172EEA6D399E56E376 /* [CP] Check Pods Manifest.lock */ = {
			isa = PBXShellScriptBuildPhase;
			buildActionMask = 2147483647;
			files = (
			);
			inputPaths = (
				"${PODS_PODFILE_DIR_PATH}/Podfile.lock",
				"${PODS_ROOT}/Manifest.lock",
			);
			name = "[CP] Check Pods Manifest.lock";
			outputPaths = (
				"$(DERIVED_FILE_DIR)/Pods-JXRomanticAlbum-checkManifestLockResult.txt",
			);
			runOnlyForDeploymentPostprocessing = 0;
			shellPath = /bin/sh;
			shellScript = "diff \"${PODS_PODFILE_DIR_PATH}/Podfile.lock\" \"${PODS_ROOT}/Manifest.lock\" > /dev/null\nif [ $? != 0 ] ; then\n    # print error to STDERR\n    echo \"error: The sandbox is not in sync with the Podfile.lock. Run 'pod install' or update your CocoaPods installation.\" >&2\n    exit 1\nfi\n# This output is used by Xcode 'outputs' to avoid re-running this script phase.\necho \"SUCCESS\" > \"${SCRIPT_OUTPUT_FILE_0}\"\n";
			showEnvVarsInLog = 0;
		};
		79EFBF9071A7A40F12C7419E /* [CP] Copy Pods Resources */ = {
			isa = PBXShellScriptBuildPhase;
			buildActionMask = 2147483647;
			files = (
			);
			inputPaths = (
			);
			name = "[CP] Copy Pods Resources";
			outputPaths = (
			);
			runOnlyForDeploymentPostprocessing = 0;
			shellPath = /bin/sh;
			shellScript = "\"${SRCROOT}/Pods/Target Support Files/Pods-JXRomanticAlbum/Pods-JXRomanticAlbum-resources.sh\"\n";
			showEnvVarsInLog = 0;
		};
/* End PBXShellScriptBuildPhase section */

/* Begin PBXSourcesBuildPhase section */
		196EB01720D259290058E926 /* Sources */ = {
			isa = PBXSourcesBuildPhase;
			buildActionMask = 2147483647;
			files = (
				191B37C720DD068B005BA959 /* RAPlayPhotoWallViewController.swift in Sources */,
				19AB17D220D8EFA100BF01DC /* UIImage+Crop.swift in Sources */,
				196EB03820D26CAE0058E926 /* RAPlayModeSelectViewController.swift in Sources */,
				196EB05B20D483170058E926 /* RAPlaySizeSelectViewController.swift in Sources */,
				196EB05D20D484E60058E926 /* RABaseViewController.swift in Sources */,
				196EB03A20D26D190058E926 /* RAPlayRoomPuzzleViewController.swift in Sources */,
				191B37BF20DD014A005BA959 /* RABaseTableViewController.swift in Sources */,
				19AB17CA20D8D30900BF01DC /* RAPhotoManager.swift in Sources */,
				19AB17D820D90F2000BF01DC /* RADatePickerView.swift in Sources */,
				196EB01F20D259290058E926 /* AppDelegate.swift in Sources */,
				19AB17CE20D8DDB900BF01DC /* RAPlayRoomReverseCellModel.swift in Sources */,
				19AB17D020D8DE2700BF01DC /* RAPlayRoomReverseCell.swift in Sources */,
				19F7C5D420E223F40003F044 /* RAPlayRoomScratchViewController.swift in Sources */,
				19AB17CC20D8DD0200BF01DC /* RAPlayRoomReverseViewController.swift in Sources */,
				196EB04320D383320058E926 /* RARandomFactory.swift in Sources */,
				196EB04120D2779C0058E926 /* RAPlayRoomPuzzleCellModel.swift in Sources */,
				19E3D98B20DCC62B007EA3A3 /* RAPlayRoomVideoStickerViewController.swift in Sources */,
				196EB04520D3916B0058E926 /* RARuleManager.swift in Sources */,
				191B37C120DD04DF005BA959 /* RAPlayGuessModeSelectViewController.swift in Sources */,
				19AB17D420D8FA5800BF01DC /* RALocationViewController.swift in Sources */,
				19F7C5D820E23D0C0003F044 /* UIImage+Utils.swift in Sources */,
				196EB03D20D273620058E926 /* RADefines.swift in Sources */,
				196EB03F20D277330058E926 /* RAPlayRoomPuzzleCell.swift in Sources */,
				191B37BC20DCDA23005BA959 /* RAPlayRoomFilterViewController.swift in Sources */,
				19F7C5D620E23BD10003F044 /* ScratchMask.swift in Sources */,
				196EB05920D3C7B20058E926 /* RACompletedView.swift in Sources */,
			);
			runOnlyForDeploymentPostprocessing = 0;
		};
/* End PBXSourcesBuildPhase section */

/* Begin PBXVariantGroup section */
		196EB02220D259290058E926 /* Main.storyboard */ = {
			isa = PBXVariantGroup;
			children = (
				196EB02320D259290058E926 /* Base */,
			);
			name = Main.storyboard;
			sourceTree = "<group>";
		};
		196EB02720D2592C0058E926 /* LaunchScreen.storyboard */ = {
			isa = PBXVariantGroup;
			children = (
				196EB02820D2592C0058E926 /* Base */,
			);
			name = LaunchScreen.storyboard;
			sourceTree = "<group>";
		};
/* End PBXVariantGroup section */

/* Begin XCBuildConfiguration section */
		196EB02B20D2592C0058E926 /* Debug */ = {
			isa = XCBuildConfiguration;
			buildSettings = {
				ALWAYS_SEARCH_USER_PATHS = NO;
				CLANG_ANALYZER_NONNULL = YES;
				CLANG_ANALYZER_NUMBER_OBJECT_CONVERSION = YES_AGGRESSIVE;
				CLANG_CXX_LANGUAGE_STANDARD = "gnu++14";
				CLANG_CXX_LIBRARY = "libc++";
				CLANG_ENABLE_MODULES = YES;
				CLANG_ENABLE_OBJC_ARC = YES;
				CLANG_ENABLE_OBJC_WEAK = YES;
				CLANG_WARN_BLOCK_CAPTURE_AUTORELEASING = YES;
				CLANG_WARN_BOOL_CONVERSION = YES;
				CLANG_WARN_COMMA = YES;
				CLANG_WARN_CONSTANT_CONVERSION = YES;
				CLANG_WARN_DEPRECATED_OBJC_IMPLEMENTATIONS = YES;
				CLANG_WARN_DIRECT_OBJC_ISA_USAGE = YES_ERROR;
				CLANG_WARN_DOCUMENTATION_COMMENTS = YES;
				CLANG_WARN_EMPTY_BODY = YES;
				CLANG_WARN_ENUM_CONVERSION = YES;
				CLANG_WARN_INFINITE_RECURSION = YES;
				CLANG_WARN_INT_CONVERSION = YES;
				CLANG_WARN_NON_LITERAL_NULL_CONVERSION = YES;
				CLANG_WARN_OBJC_IMPLICIT_RETAIN_SELF = YES;
				CLANG_WARN_OBJC_LITERAL_CONVERSION = YES;
				CLANG_WARN_OBJC_ROOT_CLASS = YES_ERROR;
				CLANG_WARN_RANGE_LOOP_ANALYSIS = YES;
				CLANG_WARN_STRICT_PROTOTYPES = YES;
				CLANG_WARN_SUSPICIOUS_MOVE = YES;
				CLANG_WARN_UNGUARDED_AVAILABILITY = YES_AGGRESSIVE;
				CLANG_WARN_UNREACHABLE_CODE = YES;
				CLANG_WARN__DUPLICATE_METHOD_MATCH = YES;
				CODE_SIGN_IDENTITY = "iPhone Developer";
				COPY_PHASE_STRIP = NO;
				DEBUG_INFORMATION_FORMAT = dwarf;
				ENABLE_STRICT_OBJC_MSGSEND = YES;
				ENABLE_TESTABILITY = YES;
				GCC_C_LANGUAGE_STANDARD = gnu11;
				GCC_DYNAMIC_NO_PIC = NO;
				GCC_NO_COMMON_BLOCKS = YES;
				GCC_OPTIMIZATION_LEVEL = 0;
				GCC_PREPROCESSOR_DEFINITIONS = (
					"DEBUG=1",
					"$(inherited)",
				);
				GCC_WARN_64_TO_32_BIT_CONVERSION = YES;
				GCC_WARN_ABOUT_RETURN_TYPE = YES_ERROR;
				GCC_WARN_UNDECLARED_SELECTOR = YES;
				GCC_WARN_UNINITIALIZED_AUTOS = YES_AGGRESSIVE;
				GCC_WARN_UNUSED_FUNCTION = YES;
				GCC_WARN_UNUSED_VARIABLE = YES;
				IPHONEOS_DEPLOYMENT_TARGET = 11.4;
				MTL_ENABLE_DEBUG_INFO = YES;
				ONLY_ACTIVE_ARCH = YES;
				SDKROOT = iphoneos;
				SWIFT_ACTIVE_COMPILATION_CONDITIONS = DEBUG;
				SWIFT_OPTIMIZATION_LEVEL = "-Onone";
			};
			name = Debug;
		};
		196EB02C20D2592C0058E926 /* Release */ = {
			isa = XCBuildConfiguration;
			buildSettings = {
				ALWAYS_SEARCH_USER_PATHS = NO;
				CLANG_ANALYZER_NONNULL = YES;
				CLANG_ANALYZER_NUMBER_OBJECT_CONVERSION = YES_AGGRESSIVE;
				CLANG_CXX_LANGUAGE_STANDARD = "gnu++14";
				CLANG_CXX_LIBRARY = "libc++";
				CLANG_ENABLE_MODULES = YES;
				CLANG_ENABLE_OBJC_ARC = YES;
				CLANG_ENABLE_OBJC_WEAK = YES;
				CLANG_WARN_BLOCK_CAPTURE_AUTORELEASING = YES;
				CLANG_WARN_BOOL_CONVERSION = YES;
				CLANG_WARN_COMMA = YES;
				CLANG_WARN_CONSTANT_CONVERSION = YES;
				CLANG_WARN_DEPRECATED_OBJC_IMPLEMENTATIONS = YES;
				CLANG_WARN_DIRECT_OBJC_ISA_USAGE = YES_ERROR;
				CLANG_WARN_DOCUMENTATION_COMMENTS = YES;
				CLANG_WARN_EMPTY_BODY = YES;
				CLANG_WARN_ENUM_CONVERSION = YES;
				CLANG_WARN_INFINITE_RECURSION = YES;
				CLANG_WARN_INT_CONVERSION = YES;
				CLANG_WARN_NON_LITERAL_NULL_CONVERSION = YES;
				CLANG_WARN_OBJC_IMPLICIT_RETAIN_SELF = YES;
				CLANG_WARN_OBJC_LITERAL_CONVERSION = YES;
				CLANG_WARN_OBJC_ROOT_CLASS = YES_ERROR;
				CLANG_WARN_RANGE_LOOP_ANALYSIS = YES;
				CLANG_WARN_STRICT_PROTOTYPES = YES;
				CLANG_WARN_SUSPICIOUS_MOVE = YES;
				CLANG_WARN_UNGUARDED_AVAILABILITY = YES_AGGRESSIVE;
				CLANG_WARN_UNREACHABLE_CODE = YES;
				CLANG_WARN__DUPLICATE_METHOD_MATCH = YES;
				CODE_SIGN_IDENTITY = "iPhone Developer";
				COPY_PHASE_STRIP = NO;
				DEBUG_INFORMATION_FORMAT = "dwarf-with-dsym";
				ENABLE_NS_ASSERTIONS = NO;
				ENABLE_STRICT_OBJC_MSGSEND = YES;
				GCC_C_LANGUAGE_STANDARD = gnu11;
				GCC_NO_COMMON_BLOCKS = YES;
				GCC_WARN_64_TO_32_BIT_CONVERSION = YES;
				GCC_WARN_ABOUT_RETURN_TYPE = YES_ERROR;
				GCC_WARN_UNDECLARED_SELECTOR = YES;
				GCC_WARN_UNINITIALIZED_AUTOS = YES_AGGRESSIVE;
				GCC_WARN_UNUSED_FUNCTION = YES;
				GCC_WARN_UNUSED_VARIABLE = YES;
				IPHONEOS_DEPLOYMENT_TARGET = 11.4;
				MTL_ENABLE_DEBUG_INFO = NO;
				SDKROOT = iphoneos;
				SWIFT_COMPILATION_MODE = wholemodule;
				SWIFT_OPTIMIZATION_LEVEL = "-O";
				VALIDATE_PRODUCT = YES;
			};
			name = Release;
		};
		196EB02E20D2592C0058E926 /* Debug */ = {
			isa = XCBuildConfiguration;
			baseConfigurationReference = FA9BD226039D34CA824AAEBE /* Pods-JXRomanticAlbum.debug.xcconfig */;
			buildSettings = {
				ASSETCATALOG_COMPILER_APPICON_NAME = AppIcon;
				CODE_SIGN_STYLE = Automatic;
				DEVELOPMENT_TEAM = CUHY5967Q2;
				INFOPLIST_FILE = "$(SRCROOT)/JXRomanticAlbum/SupportFiles/Info.plist";
				IPHONEOS_DEPLOYMENT_TARGET = 9.0;
				LD_RUNPATH_SEARCH_PATHS = (
					"$(inherited)",
					"@executable_path/Frameworks",
				);
				PRODUCT_BUNDLE_IDENTIFIER = jiaxin.JXRomanticAlbum;
				PRODUCT_NAME = "$(TARGET_NAME)";
				SWIFT_VERSION = 4.0;
				TARGETED_DEVICE_FAMILY = "1,2";
			};
			name = Debug;
		};
		196EB02F20D2592C0058E926 /* Release */ = {
			isa = XCBuildConfiguration;
			baseConfigurationReference = 46A97EB8C8CD66D8F4FD1700 /* Pods-JXRomanticAlbum.release.xcconfig */;
			buildSettings = {
				ASSETCATALOG_COMPILER_APPICON_NAME = AppIcon;
				CODE_SIGN_STYLE = Automatic;
				DEVELOPMENT_TEAM = CUHY5967Q2;
				INFOPLIST_FILE = "$(SRCROOT)/JXRomanticAlbum/SupportFiles/Info.plist";
				IPHONEOS_DEPLOYMENT_TARGET = 9.0;
				LD_RUNPATH_SEARCH_PATHS = (
					"$(inherited)",
					"@executable_path/Frameworks",
				);
				PRODUCT_BUNDLE_IDENTIFIER = jiaxin.JXRomanticAlbum;
				PRODUCT_NAME = "$(TARGET_NAME)";
				SWIFT_VERSION = 4.0;
				TARGETED_DEVICE_FAMILY = "1,2";
			};
			name = Release;
		};
/* End XCBuildConfiguration section */

/* Begin XCConfigurationList section */
		196EB01620D259290058E926 /* Build configuration list for PBXProject "JXRomanticAlbum" */ = {
			isa = XCConfigurationList;
			buildConfigurations = (
				196EB02B20D2592C0058E926 /* Debug */,
				196EB02C20D2592C0058E926 /* Release */,
			);
			defaultConfigurationIsVisible = 0;
			defaultConfigurationName = Release;
		};
		196EB02D20D2592C0058E926 /* Build configuration list for PBXNativeTarget "JXRomanticAlbum" */ = {
			isa = XCConfigurationList;
			buildConfigurations = (
				196EB02E20D2592C0058E926 /* Debug */,
				196EB02F20D2592C0058E926 /* Release */,
			);
			defaultConfigurationIsVisible = 0;
			defaultConfigurationName = Release;
		};
/* End XCConfigurationList section */
	};
	rootObject = 196EB01320D259290058E926 /* Project object */;
}
